# This file is automatically @generated by Cargo.
# It is not intended for manual editing.
version = 4

[[package]]
name = "hobit-agent"
version = "0.1.0"
dependencies = [
 "hobit-core",
]

[[package]]
name = "hobit-app"
version = "0.1.0"
dependencies = [
 "hobit-agent",
 "hobit-core",
 "hobit-storage-sqlite",
 "hobit-tools",
]

[[package]]
name = "hobit-core"
version = "0.1.0"

[[package]]
name = "hobit-storage-sqlite"
version = "0.1.0"
dependencies = [
 "hobit-core",
]

[[package]]
name = "hobit-tools"
version = "0.1.0"
dependencies = [
 "hobit-core",
]
